
Microsoft Visual Studio Solution File, Format Version 12.00
# Visual Studio Version 16
VisualStudioVersion = 16.0.30320.27
MinimumVisualStudioVersion = 10.0.40219.1
Project("{FAE04EC0-301F-11D3-BF4B-00C04F79EFBC}") = "FIT5032-week03", "FIT5032-week03\FIT5032-week03.csproj", "{BDFDA79B-3B1B-429C-9072-9266F477C555}"
EndProject
Global
	GlobalSection(SolutionConfigurationPlatforms) = preSolution
		Debug|Any CPU = Debug|Any CPU
		Release|Any CPU = Release|Any CPU
	EndGlobalSection
	GlobalSection(ProjectConfigurationPlatforms) = postSolution
		{BDFDA79B-3B1B-429C-9072-9266F477C555}.Debug|Any CPU.ActiveCfg = Debug|Any CPU
		{BDFDA79B-3B1B-429C-9072-9266F477C555}.Debug|Any CPU.Build.0 = Debug|Any CPU
		{BDFDA79B-3B1B-429C-9072-9266F477C555}.Release|Any CPU.ActiveCfg = Release|Any CPU
		{BDFDA79B-3B1B-429C-9072-9266F477C555}.Release|Any CPU.Build.0 = Release|Any CPU
	EndGlobalSection
	GlobalSection(SolutionProperties) = preSolution
		HideSolutionNode = FALSE
	EndGlobalSection
	GlobalSection(ExtensibilityGlobals) = postSolution
		SolutionGuid = {4AB5B926-4F5D-44CF-B797-B837FE0AB2F5}
	EndGlobalSection
EndGlobal
